
Microsoft Visual Studio Solution File, Format Version 12.00
# Visual Studio 2012
Project("{FAE04EC0-301F-11D3-BF4B-00C04F79EFBC}") = "Sitecore.ContentSearch.Spatial.Solr", "Sitecore.ContentSearch.Spatial.Solr\Sitecore.ContentSearch.Spatial.Solr.csproj", "{2CD2E4E5-C005-444D-A61C-D370182E43C1}"
EndProject
Project("{FAE04EC0-301F-11D3-BF4B-00C04F79EFBC}") = "Sitecore.ContentSearch.Spatial.DataTypes", "Sitecore.ContentSearch.Spatial.DataTypes\Sitecore.ContentSearch.Spatial.DataTypes.csproj", "{695BB87F-1F33-475D-8123-A177A2AF1B86}"
EndProject
Global
	GlobalSection(SolutionConfigurationPlatforms) = preSolution
		Debug|Any CPU = Debug|Any CPU
		Release|Any CPU = Release|Any CPU
	EndGlobalSection
	GlobalSection(ProjectConfigurationPlatforms) = postSolution
		{2CD2E4E5-C005-444D-A61C-D370182E43C1}.Debug|Any CPU.ActiveCfg = Debug|Any CPU
		{2CD2E4E5-C005-444D-A61C-D370182E43C1}.Debug|Any CPU.Build.0 = Debug|Any CPU
		{2CD2E4E5-C005-444D-A61C-D370182E43C1}.Release|Any CPU.ActiveCfg = Release|Any CPU
		{2CD2E4E5-C005-444D-A61C-D370182E43C1}.Release|Any CPU.Build.0 = Release|Any CPU
		{695BB87F-1F33-475D-8123-A177A2AF1B86}.Debug|Any CPU.ActiveCfg = Debug|Any CPU
		{695BB87F-1F33-475D-8123-A177A2AF1B86}.Debug|Any CPU.Build.0 = Debug|Any CPU
		{695BB87F-1F33-475D-8123-A177A2AF1B86}.Release|Any CPU.ActiveCfg = Release|Any CPU
		{695BB87F-1F33-475D-8123-A177A2AF1B86}.Release|Any CPU.Build.0 = Release|Any CPU
	EndGlobalSection
	GlobalSection(SolutionProperties) = preSolution
		HideSolutionNode = FALSE
	EndGlobalSection
EndGlobal
